// !$*UTF8*$!
{
	archiveVersion = 1;
	classes = {
	};
	objectVersion = 56;
	objects = {

/* Begin PBXBuildFile section */
		EB0C9F362D64F8BA00B4FC05 /* ProfileImageService.swift in Sources */ = {isa = PBXBuildFile; fileRef = EB0C9F352D64F8BA00B4FC05 /* ProfileImageService.swift */; };
		EB13AB082D4FCF150072F0FC /* OAuth2TokenStorage.swift in Sources */ = {isa = PBXBuildFile; fileRef = EB13AB072D4FCF150072F0FC /* OAuth2TokenStorage.swift */; };
		EB173C5D2D18693F00C39CBD /* ImagesListCell.swift in Sources */ = {isa = PBXBuildFile; fileRef = EB173C5C2D18693F00C39CBD /* ImagesListCell.swift */; };
		EB3BBD322D4530FD00958EE6 /* WebViewViewController.swift in Sources */ = {isa = PBXBuildFile; fileRef = EB3BBD312D4530FD00958EE6 /* WebViewViewController.swift */; };
		EB3DBC752D4517400096C758 /* AuthViewController.swift in Sources */ = {isa = PBXBuildFile; fileRef = EB3DBC742D4517400096C758 /* AuthViewController.swift */; };
		EB47DBA72D56B6750063BB88 /* ProgressHUD in Frameworks */ = {isa = PBXBuildFile; productRef = EB47DBA62D56B6750063BB88 /* ProgressHUD */; };
		EB624D532D4C008D00F5D4D4 /* OAuth2Service.swift in Sources */ = {isa = PBXBuildFile; fileRef = EB624D522D4C008D00F5D4D4 /* OAuth2Service.swift */; };
		EB6E94AA2D1F619C006AEA2A /* ProfileViewController.swift in Sources */ = {isa = PBXBuildFile; fileRef = EB6E94A92D1F619C006AEA2A /* ProfileViewController.swift */; };
		EB730F652D5B90F500770E95 /* UIBlockingProgressHUD.swift in Sources */ = {isa = PBXBuildFile; fileRef = EB730F642D5B90F500770E95 /* UIBlockingProgressHUD.swift */; };
		EB730F672D5BAA4500770E95 /* ProfileService.swift in Sources */ = {isa = PBXBuildFile; fileRef = EB730F662D5BAA4500770E95 /* ProfileService.swift */; };
		EB93018E2D3C1EAD00B1DAFA /* Constants.swift in Sources */ = {isa = PBXBuildFile; fileRef = EB93018D2D3C1EAD00B1DAFA /* Constants.swift */; };
		EBA25DEE2D5075D9003D307B /* WebViewViewControllerDelegate.swift in Sources */ = {isa = PBXBuildFile; fileRef = EBA25DED2D5075D9003D307B /* WebViewViewControllerDelegate.swift */; };
		EBA25DF12D5083F3003D307B /* SplashViewController.swift in Sources */ = {isa = PBXBuildFile; fileRef = EBA25DF02D5083F3003D307B /* SplashViewController.swift */; };
		EBA8F6892D4D5CD5004D7371 /* URLSession+data.swift in Sources */ = {isa = PBXBuildFile; fileRef = EBA8F6882D4D5CD5004D7371 /* URLSession+data.swift */; };
		EBC2DCF82D1551A5000F42E3 /* AppDelegate.swift in Sources */ = {isa = PBXBuildFile; fileRef = EBC2DCF72D1551A5000F42E3 /* AppDelegate.swift */; };
		EBC2DCFA2D1551A5000F42E3 /* SceneDelegate.swift in Sources */ = {isa = PBXBuildFile; fileRef = EBC2DCF92D1551A5000F42E3 /* SceneDelegate.swift */; };
		EBC2DCFC2D1551A5000F42E3 /* ImagesListViewController.swift in Sources */ = {isa = PBXBuildFile; fileRef = EBC2DCFB2D1551A5000F42E3 /* ImagesListViewController.swift */; };
		EBC2DCFF2D1551A5000F42E3 /* Base in Resources */ = {isa = PBXBuildFile; fileRef = EBC2DCFE2D1551A5000F42E3 /* Base */; };
		EBC2DD012D1551A6000F42E3 /* Assets.xcassets in Resources */ = {isa = PBXBuildFile; fileRef = EBC2DD002D1551A6000F42E3 /* Assets.xcassets */; };
		EBC2DD042D1551A6000F42E3 /* Base in Resources */ = {isa = PBXBuildFile; fileRef = EBC2DD032D1551A6000F42E3 /* Base */; };
		EBF45B2A2D22D9FE00B3C6CF /* SingleImageViewController.swift in Sources */ = {isa = PBXBuildFile; fileRef = EBF45B292D22D9FE00B3C6CF /* SingleImageViewController.swift */; };
/* End PBXBuildFile section */

/* Begin PBXFileReference section */
		EB0C9F352D64F8BA00B4FC05 /* ProfileImageService.swift */ = {isa = PBXFileReference; lastKnownFileType = sourcecode.swift; path = ProfileImageService.swift; sourceTree = "<group>"; };
		EB13AB072D4FCF150072F0FC /* OAuth2TokenStorage.swift */ = {isa = PBXFileReference; lastKnownFileType = sourcecode.swift; path = OAuth2TokenStorage.swift; sourceTree = "<group>"; };
		EB173C5C2D18693F00C39CBD /* ImagesListCell.swift */ = {isa = PBXFileReference; lastKnownFileType = sourcecode.swift; path = ImagesListCell.swift; sourceTree = "<group>"; };
		EB3BBD312D4530FD00958EE6 /* WebViewViewController.swift */ = {isa = PBXFileReference; lastKnownFileType = sourcecode.swift; path = WebViewViewController.swift; sourceTree = "<group>"; };
		EB3DBC742D4517400096C758 /* AuthViewController.swift */ = {isa = PBXFileReference; lastKnownFileType = sourcecode.swift; path = AuthViewController.swift; sourceTree = "<group>"; };
		EB624D522D4C008D00F5D4D4 /* OAuth2Service.swift */ = {isa = PBXFileReference; lastKnownFileType = sourcecode.swift; path = OAuth2Service.swift; sourceTree = "<group>"; };
		EB6E94A92D1F619C006AEA2A /* ProfileViewController.swift */ = {isa = PBXFileReference; lastKnownFileType = sourcecode.swift; path = ProfileViewController.swift; sourceTree = "<group>"; };
		EB730F642D5B90F500770E95 /* UIBlockingProgressHUD.swift */ = {isa = PBXFileReference; lastKnownFileType = sourcecode.swift; path = UIBlockingProgressHUD.swift; sourceTree = "<group>"; };
		EB730F662D5BAA4500770E95 /* ProfileService.swift */ = {isa = PBXFileReference; lastKnownFileType = sourcecode.swift; path = ProfileService.swift; sourceTree = "<group>"; };
		EB93018D2D3C1EAD00B1DAFA /* Constants.swift */ = {isa = PBXFileReference; lastKnownFileType = sourcecode.swift; path = Constants.swift; sourceTree = "<group>"; };
		EBA25DED2D5075D9003D307B /* WebViewViewControllerDelegate.swift */ = {isa = PBXFileReference; lastKnownFileType = sourcecode.swift; path = WebViewViewControllerDelegate.swift; sourceTree = "<group>"; };
		EBA25DF02D5083F3003D307B /* SplashViewController.swift */ = {isa = PBXFileReference; lastKnownFileType = sourcecode.swift; path = SplashViewController.swift; sourceTree = "<group>"; };
		EBA8F6882D4D5CD5004D7371 /* URLSession+data.swift */ = {isa = PBXFileReference; lastKnownFileType = sourcecode.swift; path = "URLSession+data.swift"; sourceTree = "<group>"; };
		EBC2DCF42D1551A5000F42E3 /* ImageFeed.app */ = {isa = PBXFileReference; explicitFileType = wrapper.application; includeInIndex = 0; path = ImageFeed.app; sourceTree = BUILT_PRODUCTS_DIR; };
		EBC2DCF72D1551A5000F42E3 /* AppDelegate.swift */ = {isa = PBXFileReference; lastKnownFileType = sourcecode.swift; path = AppDelegate.swift; sourceTree = "<group>"; };
		EBC2DCF92D1551A5000F42E3 /* SceneDelegate.swift */ = {isa = PBXFileReference; lastKnownFileType = sourcecode.swift; path = SceneDelegate.swift; sourceTree = "<group>"; };
		EBC2DCFB2D1551A5000F42E3 /* ImagesListViewController.swift */ = {isa = PBXFileReference; lastKnownFileType = sourcecode.swift; path = ImagesListViewController.swift; sourceTree = "<group>"; };
		EBC2DCFE2D1551A5000F42E3 /* Base */ = {isa = PBXFileReference; lastKnownFileType = file.storyboard; name = Base; path = Base.lproj/Main.storyboard; sourceTree = "<group>"; };
		EBC2DD002D1551A6000F42E3 /* Assets.xcassets */ = {isa = PBXFileReference; lastKnownFileType = folder.assetcatalog; path = Assets.xcassets; sourceTree = "<group>"; };
		EBC2DD032D1551A6000F42E3 /* Base */ = {isa = PBXFileReference; lastKnownFileType = file.storyboard; name = Base; path = Base.lproj/LaunchScreen.storyboard; sourceTree = "<group>"; };
		EBC2DD052D1551A6000F42E3 /* Info.plist */ = {isa = PBXFileReference; lastKnownFileType = text.plist.xml; path = Info.plist; sourceTree = "<group>"; };
		EBF45B292D22D9FE00B3C6CF /* SingleImageViewController.swift */ = {isa = PBXFileReference; lastKnownFileType = sourcecode.swift; path = SingleImageViewController.swift; sourceTree = "<group>"; };
/* End PBXFileReference section */

/* Begin PBXFrameworksBuildPhase section */
		EBC2DCF12D1551A5000F42E3 /* Frameworks */ = {
			isa = PBXFrameworksBuildPhase;
			buildActionMask = 2147483647;
			files = (
				EB47DBA72D56B6750063BB88 /* ProgressHUD in Frameworks */,
			);
			runOnlyForDeploymentPostprocessing = 0;
		};
/* End PBXFrameworksBuildPhase section */

/* Begin PBXGroup section */
		EB173C5E2D18698E00C39CBD /* ImagesList */ = {
			isa = PBXGroup;
			children = (
				EB173C5C2D18693F00C39CBD /* ImagesListCell.swift */,
				EBC2DCFB2D1551A5000F42E3 /* ImagesListViewController.swift */,
			);
			path = ImagesList;
			sourceTree = "<group>";
		};
		EB3DBC762D4518DB0096C758 /* Auth */ = {
			isa = PBXGroup;
			children = (
				EB3DBC742D4517400096C758 /* AuthViewController.swift */,
				EB3BBD312D4530FD00958EE6 /* WebViewViewController.swift */,
			);
			path = Auth;
			sourceTree = "<group>";
		};
		EB6E94A82D1F619C006AEA2A /* Profile */ = {
			isa = PBXGroup;
			children = (
				EB6E94A92D1F619C006AEA2A /* ProfileViewController.swift */,
				EB730F662D5BAA4500770E95 /* ProfileService.swift */,
				EB0C9F352D64F8BA00B4FC05 /* ProfileImageService.swift */,
			);
			path = Profile;
			sourceTree = "<group>";
		};
		EB770B9E2D2C2B84002AB5D8 /* SingleImage */ = {
			isa = PBXGroup;
			children = (
				EBF45B292D22D9FE00B3C6CF /* SingleImageViewController.swift */,
			);
			path = SingleImage;
			sourceTree = "<group>";
		};
		EBA25DEF2D5083E1003D307B /* SplashView */ = {
			isa = PBXGroup;
			children = (
				EBA25DF02D5083F3003D307B /* SplashViewController.swift */,
			);
			path = SplashView;
			sourceTree = "<group>";
		};
		EBA8F68C2D4D5FA1004D7371 /* OAuth2 */ = {
			isa = PBXGroup;
			children = (
				EB624D522D4C008D00F5D4D4 /* OAuth2Service.swift */,
				EB13AB072D4FCF150072F0FC /* OAuth2TokenStorage.swift */,
			);
			path = OAuth2;
			sourceTree = "<group>";
		};
		EBA8F68D2D4D5FCF004D7371 /* Helpers */ = {
			isa = PBXGroup;
			children = (
				EBA8F6882D4D5CD5004D7371 /* URLSession+data.swift */,
				EB93018D2D3C1EAD00B1DAFA /* Constants.swift */,
			);
			path = Helpers;
			sourceTree = "<group>";
		};
		EBC2DCEB2D1551A4000F42E3 = {
			isa = PBXGroup;
			children = (
				EBC2DCF62D1551A5000F42E3 /* ImageFeed */,
				EBC2DCF52D1551A5000F42E3 /* Products */,
			);
			sourceTree = "<group>";
		};
		EBC2DCF52D1551A5000F42E3 /* Products */ = {
			isa = PBXGroup;
			children = (
				EBC2DCF42D1551A5000F42E3 /* ImageFeed.app */,
			);
			name = Products;
			sourceTree = "<group>";
		};
		EBC2DCF62D1551A5000F42E3 /* ImageFeed */ = {
			isa = PBXGroup;
			children = (
				EBA8F68D2D4D5FCF004D7371 /* Helpers */,
				EBA8F68C2D4D5FA1004D7371 /* OAuth2 */,
				EB6E94A82D1F619C006AEA2A /* Profile */,
				EB173C5E2D18698E00C39CBD /* ImagesList */,
				EB770B9E2D2C2B84002AB5D8 /* SingleImage */,
				EBE5B9FF2D5046070044B8DC /* Models */,
				EB3DBC762D4518DB0096C758 /* Auth */,
				EBA25DEF2D5083E1003D307B /* SplashView */,
				EBC2DCF72D1551A5000F42E3 /* AppDelegate.swift */,
				EBC2DCF92D1551A5000F42E3 /* SceneDelegate.swift */,
				EBC2DCFD2D1551A5000F42E3 /* Main.storyboard */,
				EBC2DD002D1551A6000F42E3 /* Assets.xcassets */,
				EBC2DD022D1551A6000F42E3 /* LaunchScreen.storyboard */,
				EBC2DD052D1551A6000F42E3 /* Info.plist */,
				EB730F642D5B90F500770E95 /* UIBlockingProgressHUD.swift */,
			);
			path = ImageFeed;
			sourceTree = "<group>";
		};
		EBE5B9FF2D5046070044B8DC /* Models */ = {
			isa = PBXGroup;
			children = (
				EBA25DED2D5075D9003D307B /* WebViewViewControllerDelegate.swift */,
			);
			path = Models;
			sourceTree = "<group>";
		};
/* End PBXGroup section */

/* Begin PBXNativeTarget section */
		EBC2DCF32D1551A5000F42E3 /* ImageFeed */ = {
			isa = PBXNativeTarget;
			buildConfigurationList = EBC2DD082D1551A6000F42E3 /* Build configuration list for PBXNativeTarget "ImageFeed" */;
			buildPhases = (
				EBC2DCF02D1551A5000F42E3 /* Sources */,
				EBC2DCF12D1551A5000F42E3 /* Frameworks */,
				EBC2DCF22D1551A5000F42E3 /* Resources */,
			);
			buildRules = (
			);
			dependencies = (
			);
			name = ImageFeed;
			packageProductDependencies = (
				EB47DBA62D56B6750063BB88 /* ProgressHUD */,
			);
			productName = ImageFeed;
			productReference = EBC2DCF42D1551A5000F42E3 /* ImageFeed.app */;
			productType = "com.apple.product-type.application";
		};
/* End PBXNativeTarget section */

/* Begin PBXProject section */
		EBC2DCEC2D1551A4000F42E3 /* Project object */ = {
			isa = PBXProject;
			attributes = {
				BuildIndependentTargetsInParallel = 1;
				LastSwiftUpdateCheck = 1540;
				LastUpgradeCheck = 1540;
				TargetAttributes = {
					EBC2DCF32D1551A5000F42E3 = {
						CreatedOnToolsVersion = 15.4;
					};
				};
			};
			buildConfigurationList = EBC2DCEF2D1551A4000F42E3 /* Build configuration list for PBXProject "ImageFeed" */;
			compatibilityVersion = "Xcode 14.0";
			developmentRegion = en;
			hasScannedForEncodings = 0;
			knownRegions = (
				en,
				Base,
			);
			mainGroup = EBC2DCEB2D1551A4000F42E3;
			packageReferences = (
				EB47DBA52D56B6750063BB88 /* XCRemoteSwiftPackageReference "ProgressHUD" */,
			);
			productRefGroup = EBC2DCF52D1551A5000F42E3 /* Products */;
			projectDirPath = "";
			projectRoot = "";
			targets = (
				EBC2DCF32D1551A5000F42E3 /* ImageFeed */,
			);
		};
/* End PBXProject section */

/* Begin PBXResourcesBuildPhase section */
		EBC2DCF22D1551A5000F42E3 /* Resources */ = {
			isa = PBXResourcesBuildPhase;
			buildActionMask = 2147483647;
			files = (
				EBC2DD012D1551A6000F42E3 /* Assets.xcassets in Resources */,
				EBC2DD042D1551A6000F42E3 /* Base in Resources */,
				EBC2DCFF2D1551A5000F42E3 /* Base in Resources */,
			);
			runOnlyForDeploymentPostprocessing = 0;
		};
/* End PBXResourcesBuildPhase section */

/* Begin PBXSourcesBuildPhase section */
		EBC2DCF02D1551A5000F42E3 /* Sources */ = {
			isa = PBXSourcesBuildPhase;
			buildActionMask = 2147483647;
			files = (
				EB13AB082D4FCF150072F0FC /* OAuth2TokenStorage.swift in Sources */,
				EB730F672D5BAA4500770E95 /* ProfileService.swift in Sources */,
				EB6E94AA2D1F619C006AEA2A /* ProfileViewController.swift in Sources */,
				EBC2DCFC2D1551A5000F42E3 /* ImagesListViewController.swift in Sources */,
				EB173C5D2D18693F00C39CBD /* ImagesListCell.swift in Sources */,
				EBC2DCF82D1551A5000F42E3 /* AppDelegate.swift in Sources */,
				EB0C9F362D64F8BA00B4FC05 /* ProfileImageService.swift in Sources */,
				EBA25DEE2D5075D9003D307B /* WebViewViewControllerDelegate.swift in Sources */,
				EB3DBC752D4517400096C758 /* AuthViewController.swift in Sources */,
				EB93018E2D3C1EAD00B1DAFA /* Constants.swift in Sources */,
				EB730F652D5B90F500770E95 /* UIBlockingProgressHUD.swift in Sources */,
				EBF45B2A2D22D9FE00B3C6CF /* SingleImageViewController.swift in Sources */,
				EBA25DF12D5083F3003D307B /* SplashViewController.swift in Sources */,
				EBA8F6892D4D5CD5004D7371 /* URLSession+data.swift in Sources */,
				EB3BBD322D4530FD00958EE6 /* WebViewViewController.swift in Sources */,
				EB624D532D4C008D00F5D4D4 /* OAuth2Service.swift in Sources */,
				EBC2DCFA2D1551A5000F42E3 /* SceneDelegate.swift in Sources */,
			);
			runOnlyForDeploymentPostprocessing = 0;
		};
/* End PBXSourcesBuildPhase section */

/* Begin PBXVariantGroup section */
		EBC2DCFD2D1551A5000F42E3 /* Main.storyboard */ = {
			isa = PBXVariantGroup;
			children = (
				EBC2DCFE2D1551A5000F42E3 /* Base */,
			);
			name = Main.storyboard;
			sourceTree = "<group>";
		};
		EBC2DD022D1551A6000F42E3 /* LaunchScreen.storyboard */ = {
			isa = PBXVariantGroup;
			children = (
				EBC2DD032D1551A6000F42E3 /* Base */,
			);
			name = LaunchScreen.storyboard;
			sourceTree = "<group>";
		};
/* End PBXVariantGroup section */

/* Begin XCBuildConfiguration section */
		EBC2DD062D1551A6000F42E3 /* Debug */ = {
			isa = XCBuildConfiguration;
			buildSettings = {
				ALWAYS_SEARCH_USER_PATHS = NO;
				ASSETCATALOG_COMPILER_GENERATE_SWIFT_ASSET_SYMBOL_EXTENSIONS = YES;
				CLANG_ANALYZER_NONNULL = YES;
				CLANG_ANALYZER_NUMBER_OBJECT_CONVERSION = YES_AGGRESSIVE;
				CLANG_CXX_LANGUAGE_STANDARD = "gnu++20";
				CLANG_ENABLE_MODULES = YES;
				CLANG_ENABLE_OBJC_ARC = YES;
				CLANG_ENABLE_OBJC_WEAK = YES;
				CLANG_WARN_BLOCK_CAPTURE_AUTORELEASING = YES;
				CLANG_WARN_BOOL_CONVERSION = YES;
				CLANG_WARN_COMMA = YES;
				CLANG_WARN_CONSTANT_CONVERSION = YES;
				CLANG_WARN_DEPRECATED_OBJC_IMPLEMENTATIONS = YES;
				CLANG_WARN_DIRECT_OBJC_ISA_USAGE = YES_ERROR;
				CLANG_WARN_DOCUMENTATION_COMMENTS = YES;
				CLANG_WARN_EMPTY_BODY = YES;
				CLANG_WARN_ENUM_CONVERSION = YES;
				CLANG_WARN_INFINITE_RECURSION = YES;
				CLANG_WARN_INT_CONVERSION = YES;
				CLANG_WARN_NON_LITERAL_NULL_CONVERSION = YES;
				CLANG_WARN_OBJC_IMPLICIT_RETAIN_SELF = YES;
				CLANG_WARN_OBJC_LITERAL_CONVERSION = YES;
				CLANG_WARN_OBJC_ROOT_CLASS = YES_ERROR;
				CLANG_WARN_QUOTED_INCLUDE_IN_FRAMEWORK_HEADER = YES;
				CLANG_WARN_RANGE_LOOP_ANALYSIS = YES;
				CLANG_WARN_STRICT_PROTOTYPES = YES;
				CLANG_WARN_SUSPICIOUS_MOVE = YES;
				CLANG_WARN_UNGUARDED_AVAILABILITY = YES_AGGRESSIVE;
				CLANG_WARN_UNREACHABLE_CODE = YES;
				CLANG_WARN__DUPLICATE_METHOD_MATCH = YES;
				COPY_PHASE_STRIP = NO;
				DEBUG_INFORMATION_FORMAT = dwarf;
				ENABLE_STRICT_OBJC_MSGSEND = YES;
				ENABLE_TESTABILITY = YES;
				ENABLE_USER_SCRIPT_SANDBOXING = YES;
				GCC_C_LANGUAGE_STANDARD = gnu17;
				GCC_DYNAMIC_NO_PIC = NO;
				GCC_NO_COMMON_BLOCKS = YES;
				GCC_OPTIMIZATION_LEVEL = 0;
				GCC_PREPROCESSOR_DEFINITIONS = (
					"DEBUG=1",
					"$(inherited)",
				);
				GCC_WARN_64_TO_32_BIT_CONVERSION = YES;
				GCC_WARN_ABOUT_RETURN_TYPE = YES_ERROR;
				GCC_WARN_UNDECLARED_SELECTOR = YES;
				GCC_WARN_UNINITIALIZED_AUTOS = YES_AGGRESSIVE;
				GCC_WARN_UNUSED_FUNCTION = YES;
				GCC_WARN_UNUSED_VARIABLE = YES;
				IPHONEOS_DEPLOYMENT_TARGET = 13.0;
				LOCALIZATION_PREFERS_STRING_CATALOGS = YES;
				MTL_ENABLE_DEBUG_INFO = INCLUDE_SOURCE;
				MTL_FAST_MATH = YES;
				ONLY_ACTIVE_ARCH = YES;
				SDKROOT = iphoneos;
				SWIFT_ACTIVE_COMPILATION_CONDITIONS = "DEBUG $(inherited)";
				SWIFT_OPTIMIZATION_LEVEL = "-Onone";
			};
			name = Debug;
		};
		EBC2DD072D1551A6000F42E3 /* Release */ = {
			isa = XCBuildConfiguration;
			buildSettings = {
				ALWAYS_SEARCH_USER_PATHS = NO;
				ASSETCATALOG_COMPILER_GENERATE_SWIFT_ASSET_SYMBOL_EXTENSIONS = YES;
				CLANG_ANALYZER_NONNULL = YES;
				CLANG_ANALYZER_NUMBER_OBJECT_CONVERSION = YES_AGGRESSIVE;
				CLANG_CXX_LANGUAGE_STANDARD = "gnu++20";
				CLANG_ENABLE_MODULES = YES;
				CLANG_ENABLE_OBJC_ARC = YES;
				CLANG_ENABLE_OBJC_WEAK = YES;
				CLANG_WARN_BLOCK_CAPTURE_AUTORELEASING = YES;
				CLANG_WARN_BOOL_CONVERSION = YES;
				CLANG_WARN_COMMA = YES;
				CLANG_WARN_CONSTANT_CONVERSION = YES;
				CLANG_WARN_DEPRECATED_OBJC_IMPLEMENTATIONS = YES;
				CLANG_WARN_DIRECT_OBJC_ISA_USAGE = YES_ERROR;
				CLANG_WARN_DOCUMENTATION_COMMENTS = YES;
				CLANG_WARN_EMPTY_BODY = YES;
				CLANG_WARN_ENUM_CONVERSION = YES;
				CLANG_WARN_INFINITE_RECURSION = YES;
				CLANG_WARN_INT_CONVERSION = YES;
				CLANG_WARN_NON_LITERAL_NULL_CONVERSION = YES;
				CLANG_WARN_OBJC_IMPLICIT_RETAIN_SELF = YES;
				CLANG_WARN_OBJC_LITERAL_CONVERSION = YES;
				CLANG_WARN_OBJC_ROOT_CLASS = YES_ERROR;
				CLANG_WARN_QUOTED_INCLUDE_IN_FRAMEWORK_HEADER = YES;
				CLANG_WARN_RANGE_LOOP_ANALYSIS = YES;
				CLANG_WARN_STRICT_PROTOTYPES = YES;
				CLANG_WARN_SUSPICIOUS_MOVE = YES;
				CLANG_WARN_UNGUARDED_AVAILABILITY = YES_AGGRESSIVE;
				CLANG_WARN_UNREACHABLE_CODE = YES;
				CLANG_WARN__DUPLICATE_METHOD_MATCH = YES;
				COPY_PHASE_STRIP = NO;
				DEBUG_INFORMATION_FORMAT = "dwarf-with-dsym";
				ENABLE_NS_ASSERTIONS = NO;
				ENABLE_STRICT_OBJC_MSGSEND = YES;
				ENABLE_USER_SCRIPT_SANDBOXING = YES;
				GCC_C_LANGUAGE_STANDARD = gnu17;
				GCC_NO_COMMON_BLOCKS = YES;
				GCC_WARN_64_TO_32_BIT_CONVERSION = YES;
				GCC_WARN_ABOUT_RETURN_TYPE = YES_ERROR;
				GCC_WARN_UNDECLARED_SELECTOR = YES;
				GCC_WARN_UNINITIALIZED_AUTOS = YES_AGGRESSIVE;
				GCC_WARN_UNUSED_FUNCTION = YES;
				GCC_WARN_UNUSED_VARIABLE = YES;
				IPHONEOS_DEPLOYMENT_TARGET = 13.0;
				LOCALIZATION_PREFERS_STRING_CATALOGS = YES;
				MTL_ENABLE_DEBUG_INFO = NO;
				MTL_FAST_MATH = YES;
				SDKROOT = iphoneos;
				SWIFT_COMPILATION_MODE = wholemodule;
				VALIDATE_PRODUCT = YES;
			};
			name = Release;
		};
		EBC2DD092D1551A6000F42E3 /* Debug */ = {
			isa = XCBuildConfiguration;
			buildSettings = {
				ASSETCATALOG_COMPILER_APPICON_NAME = AppIcon;
				ASSETCATALOG_COMPILER_GLOBAL_ACCENT_COLOR_NAME = AccentColor;
				CODE_SIGN_STYLE = Automatic;
				CURRENT_PROJECT_VERSION = 1;
				DEVELOPMENT_TEAM = 27577TPKK6;
				GENERATE_INFOPLIST_FILE = YES;
				INFOPLIST_FILE = ImageFeed/Info.plist;
				INFOPLIST_KEY_UIApplicationSupportsIndirectInputEvents = YES;
				INFOPLIST_KEY_UILaunchStoryboardName = LaunchScreen;
				INFOPLIST_KEY_UIMainStoryboardFile = Main;
				INFOPLIST_KEY_UISupportedInterfaceOrientations = UIInterfaceOrientationPortrait;
				IPHONEOS_DEPLOYMENT_TARGET = 13.0;
				LD_RUNPATH_SEARCH_PATHS = (
					"$(inherited)",
					"@executable_path/Frameworks",
				);
				MARKETING_VERSION = 1.0;
				PRODUCT_BUNDLE_IDENTIFIER = ru.yandex.practicum.ImageFeedN;
				PRODUCT_NAME = "$(TARGET_NAME)";
				SUPPORTED_PLATFORMS = "iphoneos iphonesimulator";
				SUPPORTS_MACCATALYST = NO;
				SWIFT_EMIT_LOC_STRINGS = YES;
				SWIFT_VERSION = 5.0;
				TARGETED_DEVICE_FAMILY = 1;
			};
			name = Debug;
		};
		EBC2DD0A2D1551A6000F42E3 /* Release */ = {
			isa = XCBuildConfiguration;
			buildSettings = {
				ASSETCATALOG_COMPILER_APPICON_NAME = AppIcon;
				ASSETCATALOG_COMPILER_GLOBAL_ACCENT_COLOR_NAME = AccentColor;
				CODE_SIGN_STYLE = Automatic;
				CURRENT_PROJECT_VERSION = 1;
				DEVELOPMENT_TEAM = 27577TPKK6;
				GENERATE_INFOPLIST_FILE = YES;
				INFOPLIST_FILE = ImageFeed/Info.plist;
				INFOPLIST_KEY_UIApplicationSupportsIndirectInputEvents = YES;
				INFOPLIST_KEY_UILaunchStoryboardName = LaunchScreen;
				INFOPLIST_KEY_UIMainStoryboardFile = Main;
				INFOPLIST_KEY_UISupportedInterfaceOrientations = UIInterfaceOrientationPortrait;
				IPHONEOS_DEPLOYMENT_TARGET = 13.0;
				LD_RUNPATH_SEARCH_PATHS = (
					"$(inherited)",
					"@executable_path/Frameworks",
				);
				MARKETING_VERSION = 1.0;
				PRODUCT_BUNDLE_IDENTIFIER = ru.yandex.practicum.ImageFeedN;
				PRODUCT_NAME = "$(TARGET_NAME)";
				SUPPORTED_PLATFORMS = "iphoneos iphonesimulator";
				SUPPORTS_MACCATALYST = NO;
				SWIFT_EMIT_LOC_STRINGS = YES;
				SWIFT_VERSION = 5.0;
				TARGETED_DEVICE_FAMILY = 1;
			};
			name = Release;
		};
/* End XCBuildConfiguration section */

/* Begin XCConfigurationList section */
		EBC2DCEF2D1551A4000F42E3 /* Build configuration list for PBXProject "ImageFeed" */ = {
			isa = XCConfigurationList;
			buildConfigurations = (
				EBC2DD062D1551A6000F42E3 /* Debug */,
				EBC2DD072D1551A6000F42E3 /* Release */,
			);
			defaultConfigurationIsVisible = 0;
			defaultConfigurationName = Release;
		};
		EBC2DD082D1551A6000F42E3 /* Build configuration list for PBXNativeTarget "ImageFeed" */ = {
			isa = XCConfigurationList;
			buildConfigurations = (
				EBC2DD092D1551A6000F42E3 /* Debug */,
				EBC2DD0A2D1551A6000F42E3 /* Release */,
			);
			defaultConfigurationIsVisible = 0;
			defaultConfigurationName = Release;
		};
/* End XCConfigurationList section */

/* Begin XCRemoteSwiftPackageReference section */
		EB47DBA52D56B6750063BB88 /* XCRemoteSwiftPackageReference "ProgressHUD" */ = {
			isa = XCRemoteSwiftPackageReference;
			repositoryURL = "https://github.com/relatedcode/ProgressHUD";
			requirement = {
				kind = upToNextMajorVersion;
				minimumVersion = 14.1.3;
			};
		};
/* End XCRemoteSwiftPackageReference section */

/* Begin XCSwiftPackageProductDependency section */
		EB47DBA62D56B6750063BB88 /* ProgressHUD */ = {
			isa = XCSwiftPackageProductDependency;
			package = EB47DBA52D56B6750063BB88 /* XCRemoteSwiftPackageReference "ProgressHUD" */;
			productName = ProgressHUD;
		};
/* End XCSwiftPackageProductDependency section */
	};
	rootObject = EBC2DCEC2D1551A4000F42E3 /* Project object */;
}
